version: 4
environments:
  default:
    channels:
    - url: https://conda.anaconda.org/conda-forge/
    - url: https://conda.anaconda.org/bioconda/
    packages:
      linux-64:
      - conda: https://conda.anaconda.org/conda-forge/linux-64/_libgcc_mutex-0.1-conda_forge.tar.bz2
      - conda: https://conda.anaconda.org/conda-forge/linux-64/_openmp_mutex-4.5-2_gnu.tar.bz2
      - conda: https://conda.anaconda.org/conda-forge/noarch/_sysroot_linux-64_curr_repodata_hack-3-h69a702a_14.conda
      - conda: https://conda.anaconda.org/conda-forge/linux-64/binutils-2.40-h4852527_0.conda
      - conda: https://conda.anaconda.org/conda-forge/linux-64/binutils_impl_linux-64-2.40-ha885e6a_0.conda
      - conda: https://conda.anaconda.org/conda-forge/linux-64/binutils_linux-64-2.40-hdade7a5_3.conda
      - conda: https://conda.anaconda.org/conda-forge/linux-64/biopython-1.82-py310h2372a71_0.conda
      - conda: https://conda.anaconda.org/conda-forge/linux-64/boost-1.84.0-h17c5347_2.conda
      - conda: https://conda.anaconda.org/conda-forge/linux-64/bzip2-1.0.8-hd590300_5.conda
      - conda: https://conda.anaconda.org/conda-forge/linux-64/c-ares-1.28.1-hd590300_0.conda
      - conda: https://conda.anaconda.org/conda-forge/linux-64/c-compiler-1.7.0-hd590300_1.conda
      - conda: https://conda.anaconda.org/conda-forge/linux-64/ca-certificates-2024.2.2-hbcca054_0.conda
      - conda: https://conda.anaconda.org/conda-forge/linux-64/cxx-compiler-1.7.0-h00ab1b0_1.conda
      - conda: https://conda.anaconda.org/conda-forge/linux-64/gcc-12.3.0-h915e2ae_6.conda
      - conda: https://conda.anaconda.org/conda-forge/linux-64/gcc_impl_linux-64-12.3.0-h58ffeeb_6.conda
      - conda: https://conda.anaconda.org/conda-forge/linux-64/gcc_linux-64-12.3.0-h6477408_3.conda
      - conda: https://conda.anaconda.org/conda-forge/linux-64/gxx-12.3.0-h915e2ae_6.conda
      - conda: https://conda.anaconda.org/conda-forge/linux-64/gxx_impl_linux-64-12.3.0-h2a574ab_6.conda
      - conda: https://conda.anaconda.org/conda-forge/linux-64/gxx_linux-64-12.3.0-h4a1b8e8_3.conda
      - conda: https://conda.anaconda.org/conda-forge/linux-64/icu-73.2-h59595ed_0.conda
      - conda: https://conda.anaconda.org/conda-forge/noarch/importlib-metadata-7.1.0-pyha770c72_0.conda
      - conda: https://conda.anaconda.org/conda-forge/noarch/importlib_metadata-7.1.0-hd8ed1ab_0.conda
      - conda: https://conda.anaconda.org/conda-forge/noarch/jax-0.4.25-pyhd8ed1ab_0.conda
      - conda: https://conda.anaconda.org/conda-forge/linux-64/jaxlib-0.4.23-cpu_py310h8d585fe_0.conda
      - conda: https://conda.anaconda.org/conda-forge/noarch/kernel-headers_linux-64-4.18.0-he073ed8_2.conda
      - conda: https://conda.anaconda.org/conda-forge/linux-64/ld_impl_linux-64-2.40-h55db66e_0.conda
      - conda: https://conda.anaconda.org/conda-forge/linux-64/libabseil-20230802.1-cxx17_h59595ed_0.conda
      - conda: https://conda.anaconda.org/conda-forge/linux-64/libblas-3.9.0-20_linux64_openblas.conda
      - conda: https://conda.anaconda.org/conda-forge/linux-64/libboost-1.84.0-h8013b2b_2.conda
      - conda: https://conda.anaconda.org/conda-forge/linux-64/libboost-devel-1.84.0-h00ab1b0_2.conda
      - conda: https://conda.anaconda.org/conda-forge/linux-64/libboost-headers-1.84.0-ha770c72_2.conda
      - conda: https://conda.anaconda.org/conda-forge/linux-64/libboost-python-1.84.0-py310hcb52e73_2.conda
      - conda: https://conda.anaconda.org/conda-forge/linux-64/libboost-python-devel-1.84.0-py310h17c5347_2.conda
      - conda: https://conda.anaconda.org/conda-forge/linux-64/libcblas-3.9.0-20_linux64_openblas.conda
      - conda: https://conda.anaconda.org/conda-forge/linux-64/libffi-3.4.2-h7f98852_5.tar.bz2
      - conda: https://conda.anaconda.org/conda-forge/noarch/libgcc-devel_linux-64-12.3.0-h0223996_106.conda
      - conda: https://conda.anaconda.org/conda-forge/linux-64/libgcc-ng-13.2.0-h77fa898_6.conda
      - conda: https://conda.anaconda.org/conda-forge/linux-64/libgfortran-ng-13.2.0-h69a702a_6.conda
      - conda: https://conda.anaconda.org/conda-forge/linux-64/libgfortran5-13.2.0-h43f5ff8_6.conda
      - conda: https://conda.anaconda.org/conda-forge/linux-64/libgomp-13.2.0-h77fa898_6.conda
      - conda: https://conda.anaconda.org/conda-forge/linux-64/libgrpc-1.59.3-hd6c4280_0.conda
      - conda: https://conda.anaconda.org/conda-forge/linux-64/liblapack-3.9.0-20_linux64_openblas.conda
      - conda: https://conda.anaconda.org/conda-forge/linux-64/libnsl-2.0.1-hd590300_0.conda
      - conda: https://conda.anaconda.org/conda-forge/linux-64/libopenblas-0.3.25-pthreads_h413a1c8_0.conda
      - conda: https://conda.anaconda.org/conda-forge/linux-64/libprotobuf-4.24.4-hf27288f_0.conda
      - conda: https://conda.anaconda.org/conda-forge/linux-64/libre2-11-2023.09.01-h7a70373_1.conda
      - conda: https://conda.anaconda.org/conda-forge/linux-64/libsanitizer-12.3.0-hb8811af_6.conda
      - conda: https://conda.anaconda.org/conda-forge/linux-64/libsqlite-3.45.3-h2797004_0.conda
      - conda: https://conda.anaconda.org/conda-forge/noarch/libstdcxx-devel_linux-64-12.3.0-h0223996_106.conda
      - conda: https://conda.anaconda.org/conda-forge/linux-64/libstdcxx-ng-13.2.0-hc0a3c3a_6.conda
      - conda: https://conda.anaconda.org/conda-forge/linux-64/libuuid-2.38.1-h0b41bf4_0.conda
      - conda: https://conda.anaconda.org/conda-forge/linux-64/libxcrypt-4.4.36-hd590300_1.conda
      - conda: https://conda.anaconda.org/conda-forge/linux-64/libzlib-1.2.13-hd590300_5.conda
      - conda: https://conda.anaconda.org/conda-forge/linux-64/make-4.3-hd18ef5c_1.tar.bz2
      - conda: https://conda.anaconda.org/conda-forge/linux-64/ml_dtypes-0.2.0-py310hcc13569_2.conda
      - conda: https://conda.anaconda.org/conda-forge/linux-64/ncurses-6.4.20240210-h59595ed_0.conda
      - conda: https://conda.anaconda.org/conda-forge/linux-64/numpy-1.26.4-py310hb13e2d6_0.conda
      - conda: https://conda.anaconda.org/conda-forge/linux-64/openssl-3.3.0-hd590300_0.conda
      - conda: https://conda.anaconda.org/conda-forge/noarch/opt-einsum-3.3.0-hd8ed1ab_2.conda
      - conda: https://conda.anaconda.org/conda-forge/noarch/opt_einsum-3.3.0-pyhc1e730c_2.conda
      - conda: https://conda.anaconda.org/conda-forge/noarch/pip-24.0-pyhd8ed1ab_0.conda
      - conda: https://conda.anaconda.org/conda-forge/linux-64/python-3.10.14-hd12c33a_0_cpython.conda
      - conda: https://conda.anaconda.org/conda-forge/linux-64/python_abi-3.10-4_cp310.conda
      - conda: https://conda.anaconda.org/conda-forge/linux-64/re2-2023.09.01-h7f4b329_1.conda
      - conda: https://conda.anaconda.org/conda-forge/linux-64/readline-8.2-h8228510_1.conda
      - conda: https://conda.anaconda.org/conda-forge/linux-64/scipy-1.13.0-py310hb13e2d6_0.conda
      - conda: https://conda.anaconda.org/conda-forge/noarch/setuptools-69.5.1-pyhd8ed1ab_0.conda
      - conda: https://conda.anaconda.org/conda-forge/noarch/sysroot_linux-64-2.28-he073ed8_2.conda
      - conda: https://conda.anaconda.org/conda-forge/linux-64/tk-8.6.13-noxft_h4845f30_101.conda
      - conda: https://conda.anaconda.org/conda-forge/noarch/tzdata-2024a-h0c530f3_0.conda
      - conda: https://conda.anaconda.org/conda-forge/noarch/wheel-0.43.0-pyhd8ed1ab_1.conda
      - conda: https://conda.anaconda.org/conda-forge/linux-64/xz-5.2.6-h166bdaf_0.tar.bz2
      - conda: https://conda.anaconda.org/conda-forge/noarch/zipp-3.17.0-pyhd8ed1ab_0.conda
      - conda: https://conda.anaconda.org/conda-forge/linux-64/zstd-1.5.6-ha6fb4c9_0.conda
packages:
- kind: conda
  name: _libgcc_mutex
  version: '0.1'
  build: conda_forge
  subdir: linux-64
  url: https://conda.anaconda.org/conda-forge/linux-64/_libgcc_mutex-0.1-conda_forge.tar.bz2
  sha256: fe51de6107f9edc7aa4f786a70f4a883943bc9d39b3bb7307c04c41410990726
  md5: d7c89558ba9fa0495403155b64376d81
  license: None
  size: 2562
  timestamp: 1578324546067
- kind: conda
  name: _openmp_mutex
  version: '4.5'
  build: 2_gnu
  build_number: 16
  subdir: linux-64
  url: https://conda.anaconda.org/conda-forge/linux-64/_openmp_mutex-4.5-2_gnu.tar.bz2
  sha256: fbe2c5e56a653bebb982eda4876a9178aedfc2b545f25d0ce9c4c0b508253d22
  md5: 73aaf86a425cc6e73fcf236a5a46396d
  depends:
  - _libgcc_mutex 0.1 conda_forge
  - libgomp >=7.5.0
  constrains:
  - openmp_impl 9999
  license: BSD-3-Clause
  license_family: BSD
  size: 23621
  timestamp: 1650670423406
- kind: conda
  name: _sysroot_linux-64_curr_repodata_hack
  version: '3'
  build: h69a702a_14
  build_number: 14
  subdir: noarch
  noarch: generic
  url: https://conda.anaconda.org/conda-forge/noarch/_sysroot_linux-64_curr_repodata_hack-3-h69a702a_14.conda
  sha256: 0dbeaddc3d5134b5336c52ac05642533b8d1ba2e1316aa92981f4cf5b5388de0
  md5: 38d211c448a67f12fe693fe25df4da23
  license: LGPL-2.0-or-later AND LGPL-2.0-or-later WITH exceptions AND GPL-2.0-or-later AND MPL-2.0
  license_family: GPL
  size: 21169
  timestamp: 1708000801681
- kind: conda
  name: binutils
  version: '2.40'
  build: h4852527_0
  subdir: linux-64
  url: https://conda.anaconda.org/conda-forge/linux-64/binutils-2.40-h4852527_0.conda
  sha256: ca2cfbfc101c8deb4a465b9672f1c0ac53a7c5d3d07e3ed53c3015992ad9d925
  md5: a05c7712be80622934f7011e0a1d43fc
  depends:
  - binutils_impl_linux-64 >=2.40,<2.41.0a0
  license: GPL-3.0-only
  license_family: GPL
  size: 31071
  timestamp: 1713651279428
- kind: conda
  name: binutils_impl_linux-64
  version: '2.40'
  build: ha885e6a_0
  subdir: linux-64
  url: https://conda.anaconda.org/conda-forge/linux-64/binutils_impl_linux-64-2.40-ha885e6a_0.conda
  sha256: 180b268f207d1481beb9de5c173751d14c429a7226fa9a85941e4a54cf6be1b4
  md5: 800a4c872b5bc06fa83888d112fe6c4f
  depends:
  - ld_impl_linux-64 2.40 h55db66e_0
  - sysroot_linux-64
  license: GPL-3.0-only
  license_family: GPL
  size: 5797310
  timestamp: 1713651250214
- kind: conda
  name: binutils_linux-64
  version: '2.40'
  build: hdade7a5_3
  build_number: 3
  subdir: linux-64
  url: https://conda.anaconda.org/conda-forge/linux-64/binutils_linux-64-2.40-hdade7a5_3.conda
  sha256: d114b825acef51c1d065ca0a17f97e0e856c48765aecf2f8f164935635013dd2
  md5: 2d9a60578bc28469d9aeef9aea5520c3
  depends:
  - binutils_impl_linux-64 2.40.*
  - sysroot_linux-64
  license: BSD-3-Clause
  license_family: BSD
  size: 28868
  timestamp: 1710259805994
- kind: conda
  name: biopython
  version: '1.82'
  build: py310h2372a71_0
  subdir: linux-64
  url: https://conda.anaconda.org/conda-forge/linux-64/biopython-1.82-py310h2372a71_0.conda
  sha256: 3af8eb4ff57e84eb29ea8d682c62bb91e547d41fb5a7872748eab461201eaa65
  md5: 1e48dca95cd767e90820b4a5bed85e90
  depends:
  - libgcc-ng >=12
  - numpy
  - python >=3.10,<3.11.0a0
  - python_abi 3.10.* *_cp310
  license: LicenseRef-Biopython
  size: 2783038
  timestamp: 1703262125245
- kind: conda
  name: boost
  version: 1.84.0
  build: h17c5347_2
  build_number: 2
  subdir: linux-64
  url: https://conda.anaconda.org/conda-forge/linux-64/boost-1.84.0-h17c5347_2.conda
  sha256: 9bee6457e04b1599345545cc3157a31bd19a83df6f24c7a66c5f400c80f92178
  md5: 4a1a82f2ba13442b0c2d40b185a37fd9
  depends:
  - libboost-python-devel 1.84.0 py310h17c5347_2
  - numpy >=1.22.4,<2.0a0
  - python_abi 3.10.* *_cp310
  license: BSL-1.0
  size: 15995
  timestamp: 1711404953808
- kind: conda
  name: bzip2
  version: 1.0.8
  build: hd590300_5
  build_number: 5
  subdir: linux-64
  url: https://conda.anaconda.org/conda-forge/linux-64/bzip2-1.0.8-hd590300_5.conda
  sha256: 242c0c324507ee172c0e0dd2045814e746bb303d1eb78870d182ceb0abc726a8
  md5: 69b8b6202a07720f448be700e300ccf4
  depends:
  - libgcc-ng >=12
  license: bzip2-1.0.6
  license_family: BSD
  size: 254228
  timestamp: 1699279927352
- kind: conda
  name: c-ares
  version: 1.28.1
  build: hd590300_0
  subdir: linux-64
  url: https://conda.anaconda.org/conda-forge/linux-64/c-ares-1.28.1-hd590300_0.conda
  sha256: cb25063f3342149c7924b21544109696197a9d774f1407567477d4f3026bf38a
  md5: dcde58ff9a1f30b0037a2315d1846d1f
  depends:
  - libgcc-ng >=12
  license: MIT
  license_family: MIT
  size: 168875
  timestamp: 1711819445938
- kind: conda
  name: c-compiler
  version: 1.7.0
  build: hd590300_1
  build_number: 1
  subdir: linux-64
  url: https://conda.anaconda.org/conda-forge/linux-64/c-compiler-1.7.0-hd590300_1.conda
  sha256: 4213b6cbaed673c07f8b79c089f3487afdd56de944f21c4861ead862b7657eb4
  md5: e9dffe1056994133616378309f932d77
  depends:
  - binutils
  - gcc
  - gcc_linux-64 12.*
  license: BSD-3-Clause
  size: 6324
  timestamp: 1714575511013
- kind: conda
  name: ca-certificates
  version: 2024.2.2
  build: hbcca054_0
  subdir: linux-64
  url: https://conda.anaconda.org/conda-forge/linux-64/ca-certificates-2024.2.2-hbcca054_0.conda
  sha256: 91d81bfecdbb142c15066df70cc952590ae8991670198f92c66b62019b251aeb
  md5: 2f4327a1cbe7f022401b236e915a5fef
  license: ISC
  size: 155432
  timestamp: 1706843687645
- kind: conda
  name: cxx-compiler
  version: 1.7.0
  build: h00ab1b0_1
  build_number: 1
  subdir: linux-64
  url: https://conda.anaconda.org/conda-forge/linux-64/cxx-compiler-1.7.0-h00ab1b0_1.conda
  sha256: cf895938292cfd4cfa2a06c6d57aa25c33cc974d4ffe52e704ffb67f5577b93f
  md5: 28de2e073db9ca9b72858bee9fb6f571
  depends:
  - c-compiler 1.7.0 hd590300_1
  - gxx
  - gxx_linux-64 12.*
  license: BSD-3-Clause
  size: 6283
  timestamp: 1714575513327
- kind: conda
  name: gcc
  version: 12.3.0
  build: h915e2ae_6
  build_number: 6
  subdir: linux-64
  url: https://conda.anaconda.org/conda-forge/linux-64/gcc-12.3.0-h915e2ae_6.conda
  sha256: 5fab7684c96a8a2717924efb3f6372631f1be6a23bc5aaa1ca211bec8d97f5cb
  md5: ec683e084ea08ef94528f15d30fa1e03
  depends:
  - gcc_impl_linux-64 12.3.0.*
  license: BSD-3-Clause
  license_family: BSD
  size: 26042
  timestamp: 1713754043368
- kind: conda
  name: gcc_impl_linux-64
  version: 12.3.0
  build: h58ffeeb_6
  build_number: 6
  subdir: linux-64
  url: https://conda.anaconda.org/conda-forge/linux-64/gcc_impl_linux-64-12.3.0-h58ffeeb_6.conda
  sha256: 67d78108c5253487e87ca820aa9af8fe419798e6fab9f92e2b7d070ba193789f
  md5: 53914a98926ce169b83726cb78366a6c
  depends:
  - binutils_impl_linux-64 >=2.40
  - libgcc-devel_linux-64 12.3.0 h0223996_106
  - libgcc-ng >=12.3.0
  - libgomp >=12.3.0
  - libsanitizer 12.3.0 hb8811af_6
  - libstdcxx-ng >=12.3.0
  - sysroot_linux-64
  license: GPL-3.0-only WITH GCC-exception-3.1
  size: 51460097
  timestamp: 1714582795671
- kind: conda
  name: gcc_linux-64
  version: 12.3.0
  build: h6477408_3
  build_number: 3
  subdir: linux-64
  url: https://conda.anaconda.org/conda-forge/linux-64/gcc_linux-64-12.3.0-h6477408_3.conda
  sha256: 836692c3d4948f25a19f9071db40f7788edcb342d771786a206a6a122f92365d
  md5: 7a53f84c45bdf4656ba27b9e9ed68b3d
  depends:
  - binutils_linux-64 2.40 hdade7a5_3
  - gcc_impl_linux-64 12.3.0.*
  - sysroot_linux-64
  license: BSD-3-Clause
  license_family: BSD
  size: 30977
  timestamp: 1710260096918
- kind: conda
  name: gxx
  version: 12.3.0
  build: h915e2ae_6
  build_number: 6
  subdir: linux-64
  url: https://conda.anaconda.org/conda-forge/linux-64/gxx-12.3.0-h915e2ae_6.conda
  sha256: f4c5e5430c15d5bc50036e0f9f83f012abeb8035e43f8ed3699ff905bff1729a
  md5: 0d977804df65082e17c860600ca2894b
  depends:
  - gcc 12.3.0.*
  - gxx_impl_linux-64 12.3.0.*
  license: BSD-3-Clause
  license_family: BSD
  size: 25494
  timestamp: 1713754228105
- kind: conda
  name: gxx_impl_linux-64
  version: 12.3.0
  build: h2a574ab_6
  build_number: 6
  subdir: linux-64
  url: https://conda.anaconda.org/conda-forge/linux-64/gxx_impl_linux-64-12.3.0-h2a574ab_6.conda
  sha256: a8e54fb33feca887ebfde0c5c931d2f1ba26dc2160a641b814f05701398b7cff
  md5: aab48c86452d78a416992deeee901a52
  depends:
  - gcc_impl_linux-64 12.3.0 h58ffeeb_6
  - libstdcxx-devel_linux-64 12.3.0 h0223996_106
  - sysroot_linux-64
  license: GPL-3.0-only WITH GCC-exception-3.1
  size: 13037762
  timestamp: 1714583092237
- kind: conda
  name: gxx_linux-64
  version: 12.3.0
  build: h4a1b8e8_3
  build_number: 3
  subdir: linux-64
  url: https://conda.anaconda.org/conda-forge/linux-64/gxx_linux-64-12.3.0-h4a1b8e8_3.conda
  sha256: 5a842fc69c03ac513a2c021f3f21afd9d9ca50b10b95c0dcd236aa77d6d42373
  md5: 9ec22c7c544f4a4f6d660f0a3b0fd15c
  depends:
  - binutils_linux-64 2.40 hdade7a5_3
  - gcc_linux-64 12.3.0 h6477408_3
  - gxx_impl_linux-64 12.3.0.*
  - sysroot_linux-64
  license: BSD-3-Clause
  license_family: BSD
  size: 29304
  timestamp: 1710260169322
- kind: conda
  name: icu
  version: '73.2'
  build: h59595ed_0
  subdir: linux-64
  url: https://conda.anaconda.org/conda-forge/linux-64/icu-73.2-h59595ed_0.conda
  sha256: e12fd90ef6601da2875ebc432452590bc82a893041473bc1c13ef29001a73ea8
  md5: cc47e1facc155f91abd89b11e48e72ff
  depends:
  - libgcc-ng >=12
  - libstdcxx-ng >=12
  license: MIT
  license_family: MIT
  size: 12089150
  timestamp: 1692900650789
- kind: conda
  name: importlib-metadata
  version: 7.1.0
  build: pyha770c72_0
  subdir: noarch
  noarch: python
  url: https://conda.anaconda.org/conda-forge/noarch/importlib-metadata-7.1.0-pyha770c72_0.conda
  sha256: cc2e7d1f7f01cede30feafc1118b7aefa244d0a12224513734e24165ae12ba49
  md5: 0896606848b2dc5cebdf111b6543aa04
  depends:
  - python >=3.8
  - zipp >=0.5
  license: Apache-2.0
  license_family: APACHE
  size: 27043
  timestamp: 1710971498183
- kind: conda
  name: importlib_metadata
  version: 7.1.0
  build: hd8ed1ab_0
  subdir: noarch
  noarch: generic
  url: https://conda.anaconda.org/conda-forge/noarch/importlib_metadata-7.1.0-hd8ed1ab_0.conda
  sha256: 01dc057a45dedcc742a71599f67c7383ae2bf873be6018ebcbd06ac8d994dedb
  md5: 6ef2b72d291b39e479d7694efa2b2b98
  depends:
  - importlib-metadata >=7.1.0,<7.1.1.0a0
  license: Apache-2.0
  license_family: APACHE
  size: 9444
  timestamp: 1710971502542
- kind: conda
  name: jax
  version: 0.4.25
  build: pyhd8ed1ab_0
  subdir: noarch
  noarch: python
  url: https://conda.anaconda.org/conda-forge/noarch/jax-0.4.25-pyhd8ed1ab_0.conda
  sha256: e21479fc9b50d9906b9b41e46630b049c0ef3fcd01e097c4c28b45be02f10faf
  md5: c4c729f7c77da9ef637d9970f4f6d980
  depends:
  - importlib_metadata >=4.6
  - jaxlib >=0.4.20
  - ml_dtypes >=0.2.0
  - numpy >=1.22
  - opt-einsum
  - python >=3.9
  - scipy >=1.9
  license: Apache-2.0
  license_family: APACHE
  size: 1194295
  timestamp: 1709239812310
- kind: conda
  name: jaxlib
  version: 0.4.23
  build: cpu_py310h8d585fe_0
  subdir: linux-64
  url: https://conda.anaconda.org/conda-forge/linux-64/jaxlib-0.4.23-cpu_py310h8d585fe_0.conda
  sha256: ffa3bbb5c1490243a1931041fe3a32f463d553d3a4318febe6fce21dc967e1d5
  md5: ae903c5989617b1afd054de9ef947976
  depends:
  - libabseil * cxx17*
  - libabseil >=20230802.1,<20230803.0a0
  - libgcc-ng >=12
  - libgrpc >=1.59.3,<1.60.0a0
  - libstdcxx-ng >=12
  - libzlib >=1.2.13,<1.3.0a0
  - ml_dtypes >=0.2.0
  - numpy >=1.22.4,<2.0a0
  - openssl >=3.2.1,<4.0a0
  - python >=3.10,<3.11.0a0
  - python_abi 3.10.* *_cp310
  - scipy >=1.9
  constrains:
  - jax >=0.4.23
  license: Apache-2.0
  license_family: APACHE
  size: 54779064
  timestamp: 1707877888179
- kind: conda
  name: kernel-headers_linux-64
  version: 4.18.0
  build: he073ed8_2
  build_number: 2
  subdir: noarch
  noarch: generic
  url: https://conda.anaconda.org/conda-forge/noarch/kernel-headers_linux-64-4.18.0-he073ed8_2.conda
  sha256: a66f71d354bcc0890f683cc0183b2c66c846c3af630c4cdd88eb54d1d17afb3f
  md5: 53dce80e1e9c697ef06e17cad8f18786
  depends:
  - _sysroot_linux-64_curr_repodata_hack 3.*
  constrains:
  - sysroot_linux-64 ==2.28
  license: LGPL-2.0-or-later AND LGPL-2.0-or-later WITH exceptions AND GPL-2.0-or-later AND MPL-2.0
  license_family: GPL
  size: 1258066
  timestamp: 1711086600855
- kind: conda
  name: ld_impl_linux-64
  version: '2.40'
  build: h55db66e_0
  subdir: linux-64
  url: https://conda.anaconda.org/conda-forge/linux-64/ld_impl_linux-64-2.40-h55db66e_0.conda
  sha256: ef969eee228cfb71e55146eaecc6af065f468cb0bc0a5239bc053b39db0b5f09
  md5: 10569984e7db886e4f1abc2b47ad79a1
  constrains:
  - binutils_impl_linux-64 2.40
  license: GPL-3.0-only
  license_family: GPL
  size: 713322
  timestamp: 1713651222435
- kind: conda
  name: libabseil
  version: '20230802.1'
  build: cxx17_h59595ed_0
  subdir: linux-64
  url: https://conda.anaconda.org/conda-forge/linux-64/libabseil-20230802.1-cxx17_h59595ed_0.conda
  sha256: 8729021a93e67bb93b4e73ef0a132499db516accfea11561b667635bcd0507e7
  md5: 2785ddf4cb0e7e743477991d64353947
  depends:
  - libgcc-ng >=12
  - libstdcxx-ng >=12
  constrains:
  - abseil-cpp =20230802.1
  - libabseil-static =20230802.1=cxx17*
  license: Apache-2.0
  license_family: Apache
  size: 1263396
  timestamp: 1695063868515
- kind: conda
  name: libblas
  version: 3.9.0
  build: 20_linux64_openblas
  build_number: 20
  subdir: linux-64
  url: https://conda.anaconda.org/conda-forge/linux-64/libblas-3.9.0-20_linux64_openblas.conda
  sha256: 8a0ee1de693a9b3da4a11b95ec81b40dd434bd01fa1f5f38f8268cd2146bf8f0
  md5: 2b7bb4f7562c8cf334fc2e20c2d28abc
  depends:
  - libopenblas >=0.3.25,<0.3.26.0a0
  - libopenblas >=0.3.25,<1.0a0
  constrains:
  - liblapacke 3.9.0 20_linux64_openblas
  - libcblas 3.9.0 20_linux64_openblas
  - blas * openblas
  - liblapack 3.9.0 20_linux64_openblas
  license: BSD-3-Clause
  license_family: BSD
  size: 14433
  timestamp: 1700568383457
- kind: conda
  name: libboost
  version: 1.84.0
  build: h8013b2b_2
  build_number: 2
  subdir: linux-64
  url: https://conda.anaconda.org/conda-forge/linux-64/libboost-1.84.0-h8013b2b_2.conda
  sha256: f38191766b87bbf4099851d40ecc17c5d6cf4f898b76a8d8648a5caaf04bf2da
  md5: 2de948e2fa2aea5f2b23cd02edcba24a
  depends:
  - bzip2 >=1.0.8,<2.0a0
  - icu >=73.2,<74.0a0
  - libgcc-ng >=12
  - libstdcxx-ng >=12
  - libzlib >=1.2.13,<1.3.0a0
  - xz >=5.2.6,<6.0a0
  - zstd >=1.5.5,<1.6.0a0
  constrains:
  - boost-cpp =1.84.0
  license: BSL-1.0
  size: 2790076
  timestamp: 1711404148144
- kind: conda
  name: libboost-devel
  version: 1.84.0
  build: h00ab1b0_2
  build_number: 2
  subdir: linux-64
  url: https://conda.anaconda.org/conda-forge/linux-64/libboost-devel-1.84.0-h00ab1b0_2.conda
  sha256: cd8a340cb6e095a3d0698a018364fb5f677c656fb35ea8468d3aa65689256a27
  md5: 379a34494d8a5ba62f7f65d9cfe49bdc
  depends:
  - libboost 1.84.0 h8013b2b_2
  - libboost-headers 1.84.0 ha770c72_2
  constrains:
  - boost-cpp =1.84.0
  license: BSL-1.0
  size: 38519
  timestamp: 1711404273434
- kind: conda
  name: libboost-headers
  version: 1.84.0
  build: ha770c72_2
  build_number: 2
  subdir: linux-64
  url: https://conda.anaconda.org/conda-forge/linux-64/libboost-headers-1.84.0-ha770c72_2.conda
  sha256: 5a7843db33422d043256af27f288836f51530b058653bdb074704eb72282f601
  md5: 85d30a3fcc0f1cfc252776208af546a1
  constrains:
  - boost-cpp =1.84.0
  license: BSL-1.0
  size: 13730884
  timestamp: 1711404167604
- kind: conda
  name: libboost-python
  version: 1.84.0
  build: py310hcb52e73_2
  build_number: 2
  subdir: linux-64
  url: https://conda.anaconda.org/conda-forge/linux-64/libboost-python-1.84.0-py310hcb52e73_2.conda
  sha256: a435542cea988ef5c170819952c8b9eccc1f6688d7315ebb19ad63e6f74b9b07
  md5: 12f1c1ff723a54847a7be28b7e5df77e
  depends:
  - libgcc-ng >=12
  - libstdcxx-ng >=12
  - numpy >=1.22.4,<2.0a0
  - python >=3.10,<3.11.0a0
  - python_abi 3.10.* *_cp310
  constrains:
  - boost =1.84.0
  - py-boost <0.0a0
  license: BSL-1.0
  size: 121733
  timestamp: 1711404602726
- kind: conda
  name: libboost-python-devel
  version: 1.84.0
  build: py310h17c5347_2
  build_number: 2
  subdir: linux-64
  url: https://conda.anaconda.org/conda-forge/linux-64/libboost-python-devel-1.84.0-py310h17c5347_2.conda
  sha256: 9898d02c0f03e45d8d54c9fb486c16d74bb7ec69079ff54c7dc043f1118feff7
  md5: 8351a465902373597a46246063b015b3
  depends:
  - libboost-devel 1.84.0 h00ab1b0_2
  - libboost-python 1.84.0 py310hcb52e73_2
  - numpy >=1.22.4,<2.0a0
  - python >=3.10,<3.11.0a0
  - python_abi 3.10.* *_cp310
  constrains:
  - boost =1.84.0
  - py-boost <0.0a0
  license: BSL-1.0
  size: 19419
  timestamp: 1711404840680
- kind: conda
  name: libcblas
  version: 3.9.0
  build: 20_linux64_openblas
  build_number: 20
  subdir: linux-64
  url: https://conda.anaconda.org/conda-forge/linux-64/libcblas-3.9.0-20_linux64_openblas.conda
  sha256: 0e34fb0f82262f02fcb279ab4a1db8d50875dc98e3019452f8f387e6bf3c0247
  md5: 36d486d72ab64ffea932329a1d3729a3
  depends:
  - libblas 3.9.0 20_linux64_openblas
  constrains:
  - liblapacke 3.9.0 20_linux64_openblas
  - blas * openblas
  - liblapack 3.9.0 20_linux64_openblas
  license: BSD-3-Clause
  license_family: BSD
  size: 14383
  timestamp: 1700568410580
- kind: conda
  name: libffi
  version: 3.4.2
  build: h7f98852_5
  build_number: 5
  subdir: linux-64
  url: https://conda.anaconda.org/conda-forge/linux-64/libffi-3.4.2-h7f98852_5.tar.bz2
  sha256: ab6e9856c21709b7b517e940ae7028ae0737546122f83c2aa5d692860c3b149e
  md5: d645c6d2ac96843a2bfaccd2d62b3ac3
  depends:
  - libgcc-ng >=9.4.0
  license: MIT
  license_family: MIT
  size: 58292
  timestamp: 1636488182923
- kind: conda
  name: libgcc-devel_linux-64
  version: 12.3.0
  build: h0223996_106
  build_number: 106
  subdir: noarch
  noarch: generic
  url: https://conda.anaconda.org/conda-forge/noarch/libgcc-devel_linux-64-12.3.0-h0223996_106.conda
  sha256: 01b95d2fd0b23dfbeb2d0cc5c1cf3f60bb0f23d6bb312713711c42e57f47945a
  md5: 304f58c690e7ba23b67a4b5c8e99a062
  license: GPL-3.0-only WITH GCC-exception-3.1
  size: 2538737
  timestamp: 1714582531224
- kind: conda
  name: libgcc-ng
  version: 13.2.0
  build: h77fa898_6
  build_number: 6
  subdir: linux-64
  url: https://conda.anaconda.org/conda-forge/linux-64/libgcc-ng-13.2.0-h77fa898_6.conda
  sha256: 8bd6311a05f02459eb3efafe948f21e58170ccfcce4350a86de35d7573256bb2
  md5: 4398809ac84d0b8c28beebaaa83277f5
  depends:
  - _libgcc_mutex 0.1 conda_forge
  - _openmp_mutex >=4.5
  constrains:
  - libgomp 13.2.0 h77fa898_6
  license: GPL-3.0-only WITH GCC-exception-3.1
  size: 777610
  timestamp: 1714581763008
- kind: conda
  name: libgfortran-ng
  version: 13.2.0
  build: h69a702a_6
  build_number: 6
  subdir: linux-64
  url: https://conda.anaconda.org/conda-forge/linux-64/libgfortran-ng-13.2.0-h69a702a_6.conda
  sha256: 5e436753c55d81005e9383d7a8ec14298ebd35029d148db7e03c4834ffca54ee
  md5: 3666a850342f8f3be88f9a93d948d027
  depends:
  - libgfortran5 13.2.0 h43f5ff8_6
  license: GPL-3.0-only WITH GCC-exception-3.1
  license_family: GPL
  size: 24183
  timestamp: 1713755271389
- kind: conda
  name: libgfortran5
  version: 13.2.0
  build: h43f5ff8_6
  build_number: 6
  subdir: linux-64
  url: https://conda.anaconda.org/conda-forge/linux-64/libgfortran5-13.2.0-h43f5ff8_6.conda
  sha256: 5da2abd9e2c09ec8566fbacb237926b532f6629871ff2733c90a0be77b77679e
  md5: e54a5ddc67e673f9105cf2a2e9c070b0
  depends:
  - libgcc-ng >=13.2.0
  constrains:
  - libgfortran-ng 13.2.0
  license: GPL-3.0-only WITH GCC-exception-3.1
  license_family: GPL
  size: 1442624
  timestamp: 1713755021286
- kind: conda
  name: libgomp
  version: 13.2.0
  build: h77fa898_6
  build_number: 6
  subdir: linux-64
  url: https://conda.anaconda.org/conda-forge/linux-64/libgomp-13.2.0-h77fa898_6.conda
  sha256: b059ec2403a421c71c33633ece6be2ccd303e376aae6079f8cfda96d42616527
  md5: e733e0573651a1f0639fa8ce066a286e
  depends:
  - _libgcc_mutex 0.1 conda_forge
  license: GPL-3.0-only WITH GCC-exception-3.1
  size: 420177
  timestamp: 1714581699319
- kind: conda
  name: libgrpc
  version: 1.59.3
  build: hd6c4280_0
  subdir: linux-64
  url: https://conda.anaconda.org/conda-forge/linux-64/libgrpc-1.59.3-hd6c4280_0.conda
  sha256: 3f95a2792e565b628cb284de92017a37a1cddc4a3f83453b8f75d9adc9f8cfdd
  md5: 896c137eaf0c22f2fef58332eb4a4b83
  depends:
  - c-ares >=1.21.0,<2.0a0
  - libabseil * cxx17*
  - libabseil >=20230802.1,<20230803.0a0
  - libgcc-ng >=12
  - libprotobuf >=4.24.4,<4.24.5.0a0
  - libre2-11 >=2023.6.2,<2024.0a0
  - libstdcxx-ng >=12
  - libzlib >=1.2.13,<1.3.0a0
  - openssl >=3.1.4,<4.0a0
  - re2
  constrains:
  - grpc-cpp =1.59.3
  license: Apache-2.0
  license_family: APACHE
  size: 6600132
  timestamp: 1700259627150
- kind: conda
  name: liblapack
  version: 3.9.0
  build: 20_linux64_openblas
  build_number: 20
  subdir: linux-64
  url: https://conda.anaconda.org/conda-forge/linux-64/liblapack-3.9.0-20_linux64_openblas.conda
  sha256: ad7745b8d0f2ccb9c3ba7aaa7167d62fc9f02e45eb67172ae5f0dfb5a3b1a2cc
  md5: 6fabc51f5e647d09cc010c40061557e0
  depends:
  - libblas 3.9.0 20_linux64_openblas
  constrains:
  - liblapacke 3.9.0 20_linux64_openblas
  - libcblas 3.9.0 20_linux64_openblas
  - blas * openblas
  license: BSD-3-Clause
  license_family: BSD
  size: 14350
  timestamp: 1700568424034
- kind: conda
  name: libnsl
  version: 2.0.1
  build: hd590300_0
  subdir: linux-64
  url: https://conda.anaconda.org/conda-forge/linux-64/libnsl-2.0.1-hd590300_0.conda
  sha256: 26d77a3bb4dceeedc2a41bd688564fe71bf2d149fdcf117049970bc02ff1add6
  md5: 30fd6e37fe21f86f4bd26d6ee73eeec7
  depends:
  - libgcc-ng >=12
  license: LGPL-2.1-only
  license_family: GPL
  size: 33408
  timestamp: 1697359010159
- kind: conda
  name: libopenblas
  version: 0.3.25
  build: pthreads_h413a1c8_0
  subdir: linux-64
  url: https://conda.anaconda.org/conda-forge/linux-64/libopenblas-0.3.25-pthreads_h413a1c8_0.conda
  sha256: 628564517895ee1b09cf72c817548bd80ef1acce6a8214a8520d9f7b44c4cfaf
  md5: d172b34a443b95f86089e8229ddc9a17
  depends:
  - libgcc-ng >=12
  - libgfortran-ng
  - libgfortran5 >=12.3.0
  constrains:
  - openblas >=0.3.25,<0.3.26.0a0
  license: BSD-3-Clause
  license_family: BSD
  size: 5545169
  timestamp: 1700536004164
- kind: conda
  name: libprotobuf
  version: 4.24.4
  build: hf27288f_0
  subdir: linux-64
  url: https://conda.anaconda.org/conda-forge/linux-64/libprotobuf-4.24.4-hf27288f_0.conda
  sha256: 3e0f6454190abb27edd2aeb724688ee440de133edb02cbb17d5609ba36aa8be0
  md5: 1a0287ab734591ad63603734f923016b
  depends:
  - libabseil * cxx17*
  - libabseil >=20230802.1,<20230803.0a0
  - libgcc-ng >=12
  - libstdcxx-ng >=12
  - libzlib >=1.2.13,<1.3.0a0
  license: BSD-3-Clause
  license_family: BSD
  size: 2568098
  timestamp: 1696556878001
- kind: conda
  name: libre2-11
  version: 2023.09.01
  build: h7a70373_1
  build_number: 1
  subdir: linux-64
  url: https://conda.anaconda.org/conda-forge/linux-64/libre2-11-2023.09.01-h7a70373_1.conda
  sha256: 63ebe0a3244b5f1c61337b5b387a2bacd1ca88cd894229a8cd538ef9a4b51d1a
  md5: e61d774293f3ccfb82561a627e846de4
  depends:
  - libabseil * cxx17*
  - libabseil >=20230802.1,<20230803.0a0
  - libgcc-ng >=12
  - libstdcxx-ng >=12
  constrains:
  - re2 2023.09.01.*
  license: BSD-3-Clause
  license_family: BSD
  size: 232789
  timestamp: 1708945270812
- kind: conda
  name: libsanitizer
  version: 12.3.0
  build: hb8811af_6
  build_number: 6
  subdir: linux-64
  url: https://conda.anaconda.org/conda-forge/linux-64/libsanitizer-12.3.0-hb8811af_6.conda
  sha256: 21469604cc0ceb69407fee8255e0b133f8aa2a5686eb9806fab4e6feb4011f89
  md5: a9a764e2e753ed038da59343560d8a66
  depends:
  - libgcc-ng >=12.3.0
  license: GPL-3.0-only WITH GCC-exception-3.1
  size: 3956122
  timestamp: 1714582698210
- kind: conda
  name: libsqlite
  version: 3.45.3
  build: h2797004_0
  subdir: linux-64
  url: https://conda.anaconda.org/conda-forge/linux-64/libsqlite-3.45.3-h2797004_0.conda
  sha256: e2273d6860eadcf714a759ffb6dc24a69cfd01f2a0ea9d6c20f86049b9334e0c
  md5: b3316cbe90249da4f8e84cd66e1cc55b
  depends:
  - libgcc-ng >=12
  - libzlib >=1.2.13,<1.3.0a0
  license: Unlicense
  size: 859858
  timestamp: 1713367435849
- kind: conda
  name: libstdcxx-devel_linux-64
  version: 12.3.0
  build: h0223996_106
  build_number: 106
  subdir: noarch
  noarch: generic
  url: https://conda.anaconda.org/conda-forge/noarch/libstdcxx-devel_linux-64-12.3.0-h0223996_106.conda
  sha256: 28763fb55c96363767ac95ac01d40c9a0cc6aa0560197cdbbfeeea26fa03ad4e
  md5: dfb9aac785d6b25b46be7850d974a72e
  license: GPL-3.0-only WITH GCC-exception-3.1
  size: 11907338
  timestamp: 1714582586636
- kind: conda
  name: libstdcxx-ng
  version: 13.2.0
  build: hc0a3c3a_6
  build_number: 6
  subdir: linux-64
  url: https://conda.anaconda.org/conda-forge/linux-64/libstdcxx-ng-13.2.0-hc0a3c3a_6.conda
  sha256: 547903d5ffecf49543c6ca9f6e504f0a8a47920b0517395cf529b4a955f1c3d4
  md5: 2f18345bbc433c8a1ed887d7161e86a6
  license: GPL-3.0-only WITH GCC-exception-3.1
  size: 3844194
  timestamp: 1714581807420
- kind: conda
  name: libuuid
  version: 2.38.1
  build: h0b41bf4_0
  subdir: linux-64
  url: https://conda.anaconda.org/conda-forge/linux-64/libuuid-2.38.1-h0b41bf4_0.conda
  sha256: 787eb542f055a2b3de553614b25f09eefb0a0931b0c87dbcce6efdfd92f04f18
  md5: 40b61aab5c7ba9ff276c41cfffe6b80b
  depends:
  - libgcc-ng >=12
  license: BSD-3-Clause
  license_family: BSD
  size: 33601
  timestamp: 1680112270483
- kind: conda
  name: libxcrypt
  version: 4.4.36
  build: hd590300_1
  build_number: 1
  subdir: linux-64
  url: https://conda.anaconda.org/conda-forge/linux-64/libxcrypt-4.4.36-hd590300_1.conda
  sha256: 6ae68e0b86423ef188196fff6207ed0c8195dd84273cb5623b85aa08033a410c
  md5: 5aa797f8787fe7a17d1b0821485b5adc
  depends:
  - libgcc-ng >=12
  license: LGPL-2.1-or-later
  size: 100393
  timestamp: 1702724383534
- kind: conda
  name: libzlib
  version: 1.2.13
  build: hd590300_5
  build_number: 5
  subdir: linux-64
  url: https://conda.anaconda.org/conda-forge/linux-64/libzlib-1.2.13-hd590300_5.conda
  sha256: 370c7c5893b737596fd6ca0d9190c9715d89d888b8c88537ae1ef168c25e82e4
  md5: f36c115f1ee199da648e0597ec2047ad
  depends:
  - libgcc-ng >=12
  constrains:
  - zlib 1.2.13 *_5
  license: Zlib
  license_family: Other
  size: 61588
  timestamp: 1686575217516
- kind: conda
  name: make
  version: '4.3'
  build: hd18ef5c_1
  build_number: 1
  subdir: linux-64
  url: https://conda.anaconda.org/conda-forge/linux-64/make-4.3-hd18ef5c_1.tar.bz2
  sha256: 4a5fe7c80bb0de0015328e2d3fc8db1736f528cb1fd53cd0d5527e24269a4f7c
  md5: 4049ebfd3190b580dffe76daed26155a
  depends:
  - libgcc-ng >=7.5.0
  license: GPL-3.0-or-later
  license_family: GPL
  size: 518896
  timestamp: 1602706451788
- kind: conda
  name: ml_dtypes
  version: 0.2.0
  build: py310hcc13569_2
  build_number: 2
  subdir: linux-64
  url: https://conda.anaconda.org/conda-forge/linux-64/ml_dtypes-0.2.0-py310hcc13569_2.conda
  sha256: 6799f6fdcd6a2e431ec642595a4e2b1eeb864f9b684a314af5240d83185733e3
  md5: cbc5f84bcb92af58c1812efd87ef5abc
  depends:
  - libgcc-ng >=12
  - libstdcxx-ng >=12
  - numpy >=1.22.4,<2.0a0
  - python >=3.10,<3.11.0a0
  - python_abi 3.10.* *_cp310
  license: MPL-2.0 AND Apache-2.0
  size: 689122
  timestamp: 1695281114361
- kind: conda
  name: ncurses
  version: 6.4.20240210
  build: h59595ed_0
  subdir: linux-64
  url: https://conda.anaconda.org/conda-forge/linux-64/ncurses-6.4.20240210-h59595ed_0.conda
  sha256: aa0f005b6727aac6507317ed490f0904430584fa8ca722657e7f0fb94741de81
  md5: 97da8860a0da5413c7c98a3b3838a645
  depends:
  - libgcc-ng >=12
  license: X11 AND BSD-3-Clause
  size: 895669
  timestamp: 1710866638986
- kind: conda
  name: numpy
  version: 1.26.4
  build: py310hb13e2d6_0
  subdir: linux-64
  url: https://conda.anaconda.org/conda-forge/linux-64/numpy-1.26.4-py310hb13e2d6_0.conda
  sha256: 028fe2ea8e915a0a032b75165f11747770326f3d767e642880540c60a3256425
  md5: 6593de64c935768b6bad3e19b3e978be
  depends:
  - libblas >=3.9.0,<4.0a0
  - libcblas >=3.9.0,<4.0a0
  - libgcc-ng >=12
  - liblapack >=3.9.0,<4.0a0
  - libstdcxx-ng >=12
  - python >=3.10,<3.11.0a0
  - python_abi 3.10.* *_cp310
  constrains:
  - numpy-base <0a0
  license: BSD-3-Clause
  license_family: BSD
  size: 7009070
  timestamp: 1707225917496
- kind: conda
  name: openssl
  version: 3.3.0
  build: hd590300_0
  subdir: linux-64
  url: https://conda.anaconda.org/conda-forge/linux-64/openssl-3.3.0-hd590300_0.conda
  sha256: fdbf05e4db88c592366c90bb82e446edbe33c6e49e5130d51c580b2629c0b5d5
  md5: c0f3abb4a16477208bbd43a39bd56f18
  depends:
  - ca-certificates
  - libgcc-ng >=12
  constrains:
  - pyopenssl >=22.1
  license: Apache-2.0
  license_family: Apache
  size: 2895187
  timestamp: 1714466138265
- kind: conda
  name: opt-einsum
  version: 3.3.0
  build: hd8ed1ab_2
  build_number: 2
  subdir: noarch
  noarch: generic
  url: https://conda.anaconda.org/conda-forge/noarch/opt-einsum-3.3.0-hd8ed1ab_2.conda
  sha256: 7cc87658f3ef09bd6f85afdf6c55db0c274960132de4050328759e8b3784df22
  md5: ab262acd95cb73f3ed9426cc4204ac3a
  depends:
  - opt_einsum >=3.3.0,<3.3.1.0a0
  license: MIT
  license_family: MIT
  size: 6594
  timestamp: 1696449067022
- kind: conda
  name: opt_einsum
  version: 3.3.0
  build: pyhc1e730c_2
  build_number: 2
  subdir: noarch
  noarch: python
  url: https://conda.anaconda.org/conda-forge/noarch/opt_einsum-3.3.0-pyhc1e730c_2.conda
  sha256: 1995657f10e23dbe534219f754c66b7fb2a805d68a3385abdacb7807a915b0c3
  md5: 7a94ac68b892daa9f17ae8a52b31ed81
  depends:
  - numpy
  - python >=3.6
  license: MIT
  license_family: MIT
  size: 58004
  timestamp: 1696449058916
- kind: conda
  name: pip
  version: '24.0'
  build: pyhd8ed1ab_0
  subdir: noarch
  noarch: python
  url: https://conda.anaconda.org/conda-forge/noarch/pip-24.0-pyhd8ed1ab_0.conda
  sha256: b7c1c5d8f13e8cb491c4bd1d0d1896a4cf80fc47de01059ad77509112b664a4a
  md5: f586ac1e56c8638b64f9c8122a7b8a67
  depends:
  - python >=3.7
  - setuptools
  - wheel
  license: MIT
  license_family: MIT
  size: 1398245
  timestamp: 1706960660581
- kind: conda
  name: python
  version: 3.10.14
  build: hd12c33a_0_cpython
  subdir: linux-64
  url: https://conda.anaconda.org/conda-forge/linux-64/python-3.10.14-hd12c33a_0_cpython.conda
  sha256: 76a5d12e73542678b70a94570f7b0f7763f9a938f77f0e75d9ea615ef22aa84c
  md5: 2b4ba962994e8bd4be9ff5b64b75aff2
  depends:
  - bzip2 >=1.0.8,<2.0a0
  - ld_impl_linux-64 >=2.36.1
  - libffi >=3.4,<4.0a0
  - libgcc-ng >=12
  - libnsl >=2.0.1,<2.1.0a0
  - libsqlite >=3.45.2,<4.0a0
  - libuuid >=2.38.1,<3.0a0
  - libxcrypt >=4.4.36
  - libzlib >=1.2.13,<1.3.0a0
  - ncurses >=6.4.20240210,<7.0a0
  - openssl >=3.2.1,<4.0a0
  - readline >=8.2,<9.0a0
  - tk >=8.6.13,<8.7.0a0
  - tzdata
  - xz >=5.2.6,<6.0a0
  constrains:
  - python_abi 3.10.* *_cp310
  license: Python-2.0
  size: 25517742
  timestamp: 1710939725109
- kind: conda
  name: python_abi
  version: '3.10'
  build: 4_cp310
  build_number: 4
  subdir: linux-64
  url: https://conda.anaconda.org/conda-forge/linux-64/python_abi-3.10-4_cp310.conda
  sha256: 456bec815bfc2b364763084d08b412fdc4c17eb9ccc66a36cb775fa7ac3cbaec
  md5: 26322ec5d7712c3ded99dd656142b8ce
  constrains:
  - python 3.10.* *_cpython
  license: BSD-3-Clause
  license_family: BSD
  size: 6398
  timestamp: 1695147363189
- kind: conda
  name: re2
  version: 2023.09.01
  build: h7f4b329_1
  build_number: 1
  subdir: linux-64
  url: https://conda.anaconda.org/conda-forge/linux-64/re2-2023.09.01-h7f4b329_1.conda
  sha256: b8f9e366f02c559587327f0cd7fa45c5c399b4025f2c9e1aa292bb7cbe1482c0
  md5: 30c0f66cbc5927a12662acf94067e780
  depends:
  - libre2-11 2023.09.01 h7a70373_1
  license: BSD-3-Clause
  license_family: BSD
  size: 26635
  timestamp: 1708945310937
- kind: conda
  name: readline
  version: '8.2'
  build: h8228510_1
  build_number: 1
  subdir: linux-64
  url: https://conda.anaconda.org/conda-forge/linux-64/readline-8.2-h8228510_1.conda
  sha256: 5435cf39d039387fbdc977b0a762357ea909a7694d9528ab40f005e9208744d7
  md5: 47d31b792659ce70f470b5c82fdfb7a4
  depends:
  - libgcc-ng >=12
  - ncurses >=6.3,<7.0a0
  license: GPL-3.0-only
  license_family: GPL
  size: 281456
  timestamp: 1679532220005
- kind: conda
  name: scipy
  version: 1.13.0
  build: py310hb13e2d6_0
  subdir: linux-64
  url: https://conda.anaconda.org/conda-forge/linux-64/scipy-1.13.0-py310hb13e2d6_0.conda
  sha256: e180782df1e4a34eaae2d4e3b6e94e5f2f5a4472cfd33884780d7ce96b84de0d
  md5: 512cfc0369e247e3993a76030671cce0
  depends:
  - libblas >=3.9.0,<4.0a0
  - libcblas >=3.9.0,<4.0a0
  - libgcc-ng >=12
  - libgfortran-ng
  - libgfortran5 >=12.3.0
  - liblapack >=3.9.0,<4.0a0
  - libstdcxx-ng >=12
  - numpy >=1.22.4,<1.28
  - numpy >=1.22.4,<2.0a0
  - python >=3.10,<3.11.0a0
  - python_abi 3.10.* *_cp310
  license: BSD-3-Clause
  license_family: BSD
  size: 16327082
  timestamp: 1712256494659
- kind: conda
  name: setuptools
  version: 69.5.1
  build: pyhd8ed1ab_0
  subdir: noarch
  noarch: python
  url: https://conda.anaconda.org/conda-forge/noarch/setuptools-69.5.1-pyhd8ed1ab_0.conda
  sha256: 72d143408507043628b32bed089730b6d5f5445eccc44b59911ec9f262e365e7
  md5: 7462280d81f639363e6e63c81276bd9e
  depends:
  - python >=3.8
  license: MIT
  license_family: MIT
  size: 501790
  timestamp: 1713094963112
- kind: conda
  name: sysroot_linux-64
  version: '2.28'
  build: he073ed8_2
  build_number: 2
  subdir: noarch
  noarch: generic
  url: https://conda.anaconda.org/conda-forge/noarch/sysroot_linux-64-2.28-he073ed8_2.conda
  sha256: 4d22ee85398cef1da379ef913a6232bafc0c412b1b4ce8ed9c5fd9d8c6d9d3a8
  md5: 32efe63453c3561a03e915a7829c2bb1
  depends:
  - _sysroot_linux-64_curr_repodata_hack 3.*
  - kernel-headers_linux-64 4.18.0 he073ed8_2
  track_features:
  - sysroot_linux-64_2.28 sysroot_linux-64_2.28_feature_2
  license: LGPL-2.0-or-later AND LGPL-2.0-or-later WITH exceptions AND GPL-2.0-or-later AND MPL-2.0
  license_family: GPL
  size: 26421592
  timestamp: 1711086612058
- kind: conda
  name: tk
  version: 8.6.13
  build: noxft_h4845f30_101
  build_number: 101
  subdir: linux-64
  url: https://conda.anaconda.org/conda-forge/linux-64/tk-8.6.13-noxft_h4845f30_101.conda
  sha256: e0569c9caa68bf476bead1bed3d79650bb080b532c64a4af7d8ca286c08dea4e
  md5: d453b98d9c83e71da0741bb0ff4d76bc
  depends:
  - libgcc-ng >=12
  - libzlib >=1.2.13,<1.3.0a0
  license: TCL
  license_family: BSD
  size: 3318875
  timestamp: 1699202167581
- kind: conda
  name: tzdata
  version: 2024a
  build: h0c530f3_0
  subdir: noarch
  noarch: generic
  url: https://conda.anaconda.org/conda-forge/noarch/tzdata-2024a-h0c530f3_0.conda
  sha256: 7b2b69c54ec62a243eb6fba2391b5e443421608c3ae5dbff938ad33ca8db5122
  md5: 161081fc7cec0bfda0d86d7cb595f8d8
  license: LicenseRef-Public-Domain
  size: 119815
  timestamp: 1706886945727
- kind: conda
  name: wheel
  version: 0.43.0
  build: pyhd8ed1ab_1
  build_number: 1
  subdir: noarch
  noarch: python
  url: https://conda.anaconda.org/conda-forge/noarch/wheel-0.43.0-pyhd8ed1ab_1.conda
  sha256: cb318f066afd6fd64619f14c030569faf3f53e6f50abf743b4c865e7d95b96bc
  md5: 0b5293a157c2b5cd513dd1b03d8d3aae
  depends:
  - python >=3.8
  license: MIT
  license_family: MIT
  size: 57963
  timestamp: 1711546009410
- kind: conda
  name: xz
  version: 5.2.6
  build: h166bdaf_0
  subdir: linux-64
  url: https://conda.anaconda.org/conda-forge/linux-64/xz-5.2.6-h166bdaf_0.tar.bz2
  sha256: 03a6d28ded42af8a347345f82f3eebdd6807a08526d47899a42d62d319609162
  md5: 2161070d867d1b1204ea749c8eec4ef0
  depends:
  - libgcc-ng >=12
  license: LGPL-2.1 and GPL-2.0
  size: 418368
  timestamp: 1660346797927
- kind: conda
  name: zipp
  version: 3.17.0
  build: pyhd8ed1ab_0
  subdir: noarch
  noarch: python
  url: https://conda.anaconda.org/conda-forge/noarch/zipp-3.17.0-pyhd8ed1ab_0.conda
  sha256: bced1423fdbf77bca0a735187d05d9b9812d2163f60ab426fc10f11f92ecbe26
  md5: 2e4d6bc0b14e10f895fc6791a7d9b26a
  depends:
  - python >=3.8
  license: MIT
  license_family: MIT
  size: 18954
  timestamp: 1695255262261
- kind: conda
  name: zstd
  version: 1.5.6
  build: ha6fb4c9_0
  subdir: linux-64
  url: https://conda.anaconda.org/conda-forge/linux-64/zstd-1.5.6-ha6fb4c9_0.conda
  sha256: c558b9cc01d9c1444031bd1ce4b9cff86f9085765f17627a6cd85fc623c8a02b
  md5: 4d056880988120e29d75bfff282e0f45
  depends:
  - libgcc-ng >=12
  - libstdcxx-ng >=12
  - libzlib >=1.2.13,<1.3.0a0
  license: BSD-3-Clause
  size: 554846
  timestamp: 1714722996770
